
Microsoft Visual Studio Solution File, Format Version 12.00
# Visual Studio 15
VisualStudioVersion = 15.0.27004.2009
MinimumVisualStudioVersion = 10.0.40219.1
Project("{FAE04EC0-301F-11D3-BF4B-00C04F79EFBC}") = "SqlChangeTracker", "SqlChangeTracker.csproj", "{53ABF87D-E8EC-48AA-9EC9-92F2452403FF}"
EndProject
Global
	GlobalSection(SolutionConfigurationPlatforms) = preSolution
		Debug|Any CPU = Debug|Any CPU
		Release|Any CPU = Release|Any CPU
	EndGlobalSection
	GlobalSection(ProjectConfigurationPlatforms) = postSolution
		{53ABF87D-E8EC-48AA-9EC9-92F2452403FF}.Debug|Any CPU.ActiveCfg = Debug|Any CPU
		{53ABF87D-E8EC-48AA-9EC9-92F2452403FF}.Debug|Any CPU.Build.0 = Debug|Any CPU
		{53ABF87D-E8EC-48AA-9EC9-92F2452403FF}.Release|Any CPU.ActiveCfg = Release|Any CPU
		{53ABF87D-E8EC-48AA-9EC9-92F2452403FF}.Release|Any CPU.Build.0 = Release|Any CPU
	EndGlobalSection
	GlobalSection(SolutionProperties) = preSolution
		HideSolutionNode = FALSE
	EndGlobalSection
	GlobalSection(ExtensibilityGlobals) = postSolution
		SolutionGuid = {578FB873-3B6F-45A8-8E15-2D3861DC99EF}
	EndGlobalSection
EndGlobal
