
Microsoft Visual Studio Solution File, Format Version 12.00
# Visual Studio 15
VisualStudioVersion = 15.0.27004.2009
MinimumVisualStudioVersion = 10.0.40219.1
Project("{FAE04EC0-301F-11D3-BF4B-00C04F79EFBC}") = "DoCopyKill", "DoCopyKill.csproj", "{583D6167-4B4B-40EF-9B4B-658E12C95C58}"
EndProject
Global
	GlobalSection(SolutionConfigurationPlatforms) = preSolution
		Debug|Any CPU = Debug|Any CPU
		Release|Any CPU = Release|Any CPU
	EndGlobalSection
	GlobalSection(ProjectConfigurationPlatforms) = postSolution
		{583D6167-4B4B-40EF-9B4B-658E12C95C58}.Debug|Any CPU.ActiveCfg = Debug|Any CPU
		{583D6167-4B4B-40EF-9B4B-658E12C95C58}.Debug|Any CPU.Build.0 = Debug|Any CPU
		{583D6167-4B4B-40EF-9B4B-658E12C95C58}.Release|Any CPU.ActiveCfg = Release|Any CPU
		{583D6167-4B4B-40EF-9B4B-658E12C95C58}.Release|Any CPU.Build.0 = Release|Any CPU
	EndGlobalSection
	GlobalSection(SolutionProperties) = preSolution
		HideSolutionNode = FALSE
	EndGlobalSection
	GlobalSection(ExtensibilityGlobals) = postSolution
		SolutionGuid = {8DBCC787-0A50-4128-A95A-AFCCEC8F3393}
	EndGlobalSection
EndGlobal
