
Microsoft Visual Studio Solution File, Format Version 12.00
# Visual Studio 15
VisualStudioVersion = 15.0.27004.2002
MinimumVisualStudioVersion = 10.0.40219.1
Project("{FAE04EC0-301F-11D3-BF4B-00C04F79EFBC}") = "LockBoxViewer", "LockBoxViewer.csproj", "{CC6344A6-1DB9-434A-AD65-1840A61EB442}"
EndProject
Project("{FAE04EC0-301F-11D3-BF4B-00C04F79EFBC}") = "C0DEC0RE", "..\..\C0DEC0RE\C0DEC0RE.csproj", "{6B4A1797-BB72-4316-A06E-F70E709A2DD0}"
EndProject
Global
	GlobalSection(SolutionConfigurationPlatforms) = preSolution
		Debug|Any CPU = Debug|Any CPU
		Release|Any CPU = Release|Any CPU
	EndGlobalSection
	GlobalSection(ProjectConfigurationPlatforms) = postSolution
		{CC6344A6-1DB9-434A-AD65-1840A61EB442}.Debug|Any CPU.ActiveCfg = Debug|Any CPU
		{CC6344A6-1DB9-434A-AD65-1840A61EB442}.Debug|Any CPU.Build.0 = Debug|Any CPU
		{CC6344A6-1DB9-434A-AD65-1840A61EB442}.Release|Any CPU.ActiveCfg = Release|Any CPU
		{CC6344A6-1DB9-434A-AD65-1840A61EB442}.Release|Any CPU.Build.0 = Release|Any CPU
		{6B4A1797-BB72-4316-A06E-F70E709A2DD0}.Debug|Any CPU.ActiveCfg = Debug|Any CPU
		{6B4A1797-BB72-4316-A06E-F70E709A2DD0}.Debug|Any CPU.Build.0 = Debug|Any CPU
		{6B4A1797-BB72-4316-A06E-F70E709A2DD0}.Release|Any CPU.ActiveCfg = Release|Any CPU
		{6B4A1797-BB72-4316-A06E-F70E709A2DD0}.Release|Any CPU.Build.0 = Release|Any CPU
	EndGlobalSection
	GlobalSection(SolutionProperties) = preSolution
		HideSolutionNode = FALSE
	EndGlobalSection
	GlobalSection(ExtensibilityGlobals) = postSolution
		SolutionGuid = {7CF3A5E3-27EF-4715-BA1D-BCC0EAA5B2F0}
	EndGlobalSection
EndGlobal
