
Microsoft Visual Studio Solution File, Format Version 12.00
# Visual Studio 15
VisualStudioVersion = 15.0.27004.2009
MinimumVisualStudioVersion = 10.0.40219.1
Project("{FAE04EC0-301F-11D3-BF4B-00C04F79EFBC}") = "SFTPGet", "SFTPGet.csproj", "{4D612C01-386D-4AAD-8489-F627D65592AA}"
EndProject
Global
	GlobalSection(SolutionConfigurationPlatforms) = preSolution
		Debug|Any CPU = Debug|Any CPU
		Release|Any CPU = Release|Any CPU
	EndGlobalSection
	GlobalSection(ProjectConfigurationPlatforms) = postSolution
		{4D612C01-386D-4AAD-8489-F627D65592AA}.Debug|Any CPU.ActiveCfg = Debug|Any CPU
		{4D612C01-386D-4AAD-8489-F627D65592AA}.Debug|Any CPU.Build.0 = Debug|Any CPU
		{4D612C01-386D-4AAD-8489-F627D65592AA}.Release|Any CPU.ActiveCfg = Release|Any CPU
		{4D612C01-386D-4AAD-8489-F627D65592AA}.Release|Any CPU.Build.0 = Release|Any CPU
	EndGlobalSection
	GlobalSection(SolutionProperties) = preSolution
		HideSolutionNode = FALSE
	EndGlobalSection
	GlobalSection(ExtensibilityGlobals) = postSolution
		SolutionGuid = {C204A596-EC75-4ED7-8EA9-E6D2F339F000}
	EndGlobalSection
EndGlobal
